// !$*UTF8*$!
{
	archiveVersion = 1;
	classes = {
	};
	objectVersion = 55;
	objects = {

/* Begin PBXBuildFile section */
		DEFD3A2628A4EF1700ACC343 /* Kumparan_RecruitmentApp.swift in Sources */ = {isa = PBXBuildFile; fileRef = DEFD3A2528A4EF1700ACC343 /* Kumparan_RecruitmentApp.swift */; };
		DEFD3A2828A4EF1700ACC343 /* ContentView.swift in Sources */ = {isa = PBXBuildFile; fileRef = DEFD3A2728A4EF1700ACC343 /* ContentView.swift */; };
		DEFD3A2A28A4EF1A00ACC343 /* Assets.xcassets in Resources */ = {isa = PBXBuildFile; fileRef = DEFD3A2928A4EF1A00ACC343 /* Assets.xcassets */; };
		DEFD3A2D28A4EF1A00ACC343 /* Preview Assets.xcassets in Resources */ = {isa = PBXBuildFile; fileRef = DEFD3A2C28A4EF1A00ACC343 /* Preview Assets.xcassets */; };
		DEFD3A2F28A4EF1A00ACC343 /* Persistence.swift in Sources */ = {isa = PBXBuildFile; fileRef = DEFD3A2E28A4EF1A00ACC343 /* Persistence.swift */; };
		DEFD3A3228A4EF1A00ACC343 /* Kumparan_Recruitment.xcdatamodeld in Sources */ = {isa = PBXBuildFile; fileRef = DEFD3A3028A4EF1A00ACC343 /* Kumparan_Recruitment.xcdatamodeld */; };
		DEFD3A3C28A4EF1A00ACC343 /* Kumparan_RecruitmentTests.swift in Sources */ = {isa = PBXBuildFile; fileRef = DEFD3A3B28A4EF1A00ACC343 /* Kumparan_RecruitmentTests.swift */; };
		DEFD3A4628A4EF1A00ACC343 /* Kumparan_RecruitmentUITests.swift in Sources */ = {isa = PBXBuildFile; fileRef = DEFD3A4528A4EF1A00ACC343 /* Kumparan_RecruitmentUITests.swift */; };
		DEFD3A4828A4EF1A00ACC343 /* Kumparan_RecruitmentUITestsLaunchTests.swift in Sources */ = {isa = PBXBuildFile; fileRef = DEFD3A4728A4EF1A00ACC343 /* Kumparan_RecruitmentUITestsLaunchTests.swift */; };
/* End PBXBuildFile section */

/* Begin PBXContainerItemProxy section */
		DEFD3A3828A4EF1A00ACC343 /* PBXContainerItemProxy */ = {
			isa = PBXContainerItemProxy;
			containerPortal = DEFD3A1A28A4EF1700ACC343 /* Project object */;
			proxyType = 1;
			remoteGlobalIDString = DEFD3A2128A4EF1700ACC343;
			remoteInfo = "Kumparan Recruitment";
		};
		DEFD3A4228A4EF1A00ACC343 /* PBXContainerItemProxy */ = {
			isa = PBXContainerItemProxy;
			containerPortal = DEFD3A1A28A4EF1700ACC343 /* Project object */;
			proxyType = 1;
			remoteGlobalIDString = DEFD3A2128A4EF1700ACC343;
			remoteInfo = "Kumparan Recruitment";
		};
/* End PBXContainerItemProxy section */

/* Begin PBXFileReference section */
		DEFD3A2228A4EF1700ACC343 /* Kumparan Recruitment.app */ = {isa = PBXFileReference; explicitFileType = wrapper.application; includeInIndex = 0; path = "Kumparan Recruitment.app"; sourceTree = BUILT_PRODUCTS_DIR; };
		DEFD3A2528A4EF1700ACC343 /* Kumparan_RecruitmentApp.swift */ = {isa = PBXFileReference; lastKnownFileType = sourcecode.swift; path = Kumparan_RecruitmentApp.swift; sourceTree = "<group>"; };
		DEFD3A2728A4EF1700ACC343 /* ContentView.swift */ = {isa = PBXFileReference; lastKnownFileType = sourcecode.swift; path = ContentView.swift; sourceTree = "<group>"; };
		DEFD3A2928A4EF1A00ACC343 /* Assets.xcassets */ = {isa = PBXFileReference; lastKnownFileType = folder.assetcatalog; path = Assets.xcassets; sourceTree = "<group>"; };
		DEFD3A2C28A4EF1A00ACC343 /* Preview Assets.xcassets */ = {isa = PBXFileReference; lastKnownFileType = folder.assetcatalog; path = "Preview Assets.xcassets"; sourceTree = "<group>"; };
		DEFD3A2E28A4EF1A00ACC343 /* Persistence.swift */ = {isa = PBXFileReference; lastKnownFileType = sourcecode.swift; path = Persistence.swift; sourceTree = "<group>"; };
		DEFD3A3128A4EF1A00ACC343 /* Kumparan_Recruitment.xcdatamodel */ = {isa = PBXFileReference; lastKnownFileType = wrapper.xcdatamodel; path = Kumparan_Recruitment.xcdatamodel; sourceTree = "<group>"; };
		DEFD3A3728A4EF1A00ACC343 /* Kumparan RecruitmentTests.xctest */ = {isa = PBXFileReference; explicitFileType = wrapper.cfbundle; includeInIndex = 0; path = "Kumparan RecruitmentTests.xctest"; sourceTree = BUILT_PRODUCTS_DIR; };
		DEFD3A3B28A4EF1A00ACC343 /* Kumparan_RecruitmentTests.swift */ = {isa = PBXFileReference; lastKnownFileType = sourcecode.swift; path = Kumparan_RecruitmentTests.swift; sourceTree = "<group>"; };
		DEFD3A4128A4EF1A00ACC343 /* Kumparan RecruitmentUITests.xctest */ = {isa = PBXFileReference; explicitFileType = wrapper.cfbundle; includeInIndex = 0; path = "Kumparan RecruitmentUITests.xctest"; sourceTree = BUILT_PRODUCTS_DIR; };
		DEFD3A4528A4EF1A00ACC343 /* Kumparan_RecruitmentUITests.swift */ = {isa = PBXFileReference; lastKnownFileType = sourcecode.swift; path = Kumparan_RecruitmentUITests.swift; sourceTree = "<group>"; };
		DEFD3A4728A4EF1A00ACC343 /* Kumparan_RecruitmentUITestsLaunchTests.swift */ = {isa = PBXFileReference; lastKnownFileType = sourcecode.swift; path = Kumparan_RecruitmentUITestsLaunchTests.swift; sourceTree = "<group>"; };
/* End PBXFileReference section */

/* Begin PBXFrameworksBuildPhase section */
		DEFD3A1F28A4EF1700ACC343 /* Frameworks */ = {
			isa = PBXFrameworksBuildPhase;
			buildActionMask = 2147483647;
			files = (
			);
			runOnlyForDeploymentPostprocessing = 0;
		};
		DEFD3A3428A4EF1A00ACC343 /* Frameworks */ = {
			isa = PBXFrameworksBuildPhase;
			buildActionMask = 2147483647;
			files = (
			);
			runOnlyForDeploymentPostprocessing = 0;
		};
		DEFD3A3E28A4EF1A00ACC343 /* Frameworks */ = {
			isa = PBXFrameworksBuildPhase;
			buildActionMask = 2147483647;
			files = (
			);
			runOnlyForDeploymentPostprocessing = 0;
		};
/* End PBXFrameworksBuildPhase section */

/* Begin PBXGroup section */
		DEFD3A1928A4EF1700ACC343 = {
			isa = PBXGroup;
			children = (
				DEFD3A2428A4EF1700ACC343 /* Kumparan Recruitment */,
				DEFD3A3A28A4EF1A00ACC343 /* Kumparan RecruitmentTests */,
				DEFD3A4428A4EF1A00ACC343 /* Kumparan RecruitmentUITests */,
				DEFD3A2328A4EF1700ACC343 /* Products */,
			);
			sourceTree = "<group>";
		};
		DEFD3A2328A4EF1700ACC343 /* Products */ = {
			isa = PBXGroup;
			children = (
				DEFD3A2228A4EF1700ACC343 /* Kumparan Recruitment.app */,
				DEFD3A3728A4EF1A00ACC343 /* Kumparan RecruitmentTests.xctest */,
				DEFD3A4128A4EF1A00ACC343 /* Kumparan RecruitmentUITests.xctest */,
			);
			name = Products;
			sourceTree = "<group>";
		};
		DEFD3A2428A4EF1700ACC343 /* Kumparan Recruitment */ = {
			isa = PBXGroup;
			children = (
				DEFD3A2528A4EF1700ACC343 /* Kumparan_RecruitmentApp.swift */,
				DEFD3A2728A4EF1700ACC343 /* ContentView.swift */,
				DEFD3A2928A4EF1A00ACC343 /* Assets.xcassets */,
				DEFD3A2E28A4EF1A00ACC343 /* Persistence.swift */,
				DEFD3A3028A4EF1A00ACC343 /* Kumparan_Recruitment.xcdatamodeld */,
				DEFD3A2B28A4EF1A00ACC343 /* Preview Content */,
			);
			path = "Kumparan Recruitment";
			sourceTree = "<group>";
		};
		DEFD3A2B28A4EF1A00ACC343 /* Preview Content */ = {
			isa = PBXGroup;
			children = (
				DEFD3A2C28A4EF1A00ACC343 /* Preview Assets.xcassets */,
			);
			path = "Preview Content";
			sourceTree = "<group>";
		};
		DEFD3A3A28A4EF1A00ACC343 /* Kumparan RecruitmentTests */ = {
			isa = PBXGroup;
			children = (
				DEFD3A3B28A4EF1A00ACC343 /* Kumparan_RecruitmentTests.swift */,
			);
			path = "Kumparan RecruitmentTests";
			sourceTree = "<group>";
		};
		DEFD3A4428A4EF1A00ACC343 /* Kumparan RecruitmentUITests */ = {
			isa = PBXGroup;
			children = (
				DEFD3A4528A4EF1A00ACC343 /* Kumparan_RecruitmentUITests.swift */,
				DEFD3A4728A4EF1A00ACC343 /* Kumparan_RecruitmentUITestsLaunchTests.swift */,
			);
			path = "Kumparan RecruitmentUITests";
			sourceTree = "<group>";
		};
/* End PBXGroup section */

/* Begin PBXNativeTarget section */
		DEFD3A2128A4EF1700ACC343 /* Kumparan Recruitment */ = {
			isa = PBXNativeTarget;
			buildConfigurationList = DEFD3A4B28A4EF1A00ACC343 /* Build configuration list for PBXNativeTarget "Kumparan Recruitment" */;
			buildPhases = (
				DEFD3A1E28A4EF1700ACC343 /* Sources */,
				DEFD3A1F28A4EF1700ACC343 /* Frameworks */,
				DEFD3A2028A4EF1700ACC343 /* Resources */,
			);
			buildRules = (
			);
			dependencies = (
			);
			name = "Kumparan Recruitment";
			productName = "Kumparan Recruitment";
			productReference = DEFD3A2228A4EF1700ACC343 /* Kumparan Recruitment.app */;
			productType = "com.apple.product-type.application";
		};
		DEFD3A3628A4EF1A00ACC343 /* Kumparan RecruitmentTests */ = {
			isa = PBXNativeTarget;
			buildConfigurationList = DEFD3A4E28A4EF1A00ACC343 /* Build configuration list for PBXNativeTarget "Kumparan RecruitmentTests" */;
			buildPhases = (
				DEFD3A3328A4EF1A00ACC343 /* Sources */,
				DEFD3A3428A4EF1A00ACC343 /* Frameworks */,
				DEFD3A3528A4EF1A00ACC343 /* Resources */,
			);
			buildRules = (
			);
			dependencies = (
				DEFD3A3928A4EF1A00ACC343 /* PBXTargetDependency */,
			);
			name = "Kumparan RecruitmentTests";
			productName = "Kumparan RecruitmentTests";
			productReference = DEFD3A3728A4EF1A00ACC343 /* Kumparan RecruitmentTests.xctest */;
			productType = "com.apple.product-type.bundle.unit-test";
		};
		DEFD3A4028A4EF1A00ACC343 /* Kumparan RecruitmentUITests */ = {
			isa = PBXNativeTarget;
			buildConfigurationList = DEFD3A5128A4EF1A00ACC343 /* Build configuration list for PBXNativeTarget "Kumparan RecruitmentUITests" */;
			buildPhases = (
				DEFD3A3D28A4EF1A00ACC343 /* Sources */,
				DEFD3A3E28A4EF1A00ACC343 /* Frameworks */,
				DEFD3A3F28A4EF1A00ACC343 /* Resources */,
			);
			buildRules = (
			);
			dependencies = (
				DEFD3A4328A4EF1A00ACC343 /* PBXTargetDependency */,
			);
			name = "Kumparan RecruitmentUITests";
			productName = "Kumparan RecruitmentUITests";
			productReference = DEFD3A4128A4EF1A00ACC343 /* Kumparan RecruitmentUITests.xctest */;
			productType = "com.apple.product-type.bundle.ui-testing";
		};
/* End PBXNativeTarget section */

/* Begin PBXProject section */
		DEFD3A1A28A4EF1700ACC343 /* Project object */ = {
			isa = PBXProject;
			attributes = {
				BuildIndependentTargetsInParallel = 1;
				LastSwiftUpdateCheck = 1340;
				LastUpgradeCheck = 1340;
				TargetAttributes = {
					DEFD3A2128A4EF1700ACC343 = {
						CreatedOnToolsVersion = 13.4.1;
					};
					DEFD3A3628A4EF1A00ACC343 = {
						CreatedOnToolsVersion = 13.4.1;
						TestTargetID = DEFD3A2128A4EF1700ACC343;
					};
					DEFD3A4028A4EF1A00ACC343 = {
						CreatedOnToolsVersion = 13.4.1;
						TestTargetID = DEFD3A2128A4EF1700ACC343;
					};
				};
			};
			buildConfigurationList = DEFD3A1D28A4EF1700ACC343 /* Build configuration list for PBXProject "Kumparan Recruitment" */;
			compatibilityVersion = "Xcode 13.0";
			developmentRegion = en;
			hasScannedForEncodings = 0;
			knownRegions = (
				en,
				Base,
			);
			mainGroup = DEFD3A1928A4EF1700ACC343;
			productRefGroup = DEFD3A2328A4EF1700ACC343 /* Products */;
			projectDirPath = "";
			projectRoot = "";
			targets = (
				DEFD3A2128A4EF1700ACC343 /* Kumparan Recruitment */,
				DEFD3A3628A4EF1A00ACC343 /* Kumparan RecruitmentTests */,
				DEFD3A4028A4EF1A00ACC343 /* Kumparan RecruitmentUITests */,
			);
		};
/* End PBXProject section */

/* Begin PBXResourcesBuildPhase section */
		DEFD3A2028A4EF1700ACC343 /* Resources */ = {
			isa = PBXResourcesBuildPhase;
			buildActionMask = 2147483647;
			files = (
				DEFD3A2D28A4EF1A00ACC343 /* Preview Assets.xcassets in Resources */,
				DEFD3A2A28A4EF1A00ACC343 /* Assets.xcassets in Resources */,
			);
			runOnlyForDeploymentPostprocessing = 0;
		};
		DEFD3A3528A4EF1A00ACC343 /* Resources */ = {
			isa = PBXResourcesBuildPhase;
			buildActionMask = 2147483647;
			files = (
			);
			runOnlyForDeploymentPostprocessing = 0;
		};
		DEFD3A3F28A4EF1A00ACC343 /* Resources */ = {
			isa = PBXResourcesBuildPhase;
			buildActionMask = 2147483647;
			files = (
			);
			runOnlyForDeploymentPostprocessing = 0;
		};
/* End PBXResourcesBuildPhase section */

/* Begin PBXSourcesBuildPhase section */
		DEFD3A1E28A4EF1700ACC343 /* Sources */ = {
			isa = PBXSourcesBuildPhase;
			buildActionMask = 2147483647;
			files = (
				DEFD3A2F28A4EF1A00ACC343 /* Persistence.swift in Sources */,
				DEFD3A2828A4EF1700ACC343 /* ContentView.swift in Sources */,
				DEFD3A2628A4EF1700ACC343 /* Kumparan_RecruitmentApp.swift in Sources */,
				DEFD3A3228A4EF1A00ACC343 /* Kumparan_Recruitment.xcdatamodeld in Sources */,
			);
			runOnlyForDeploymentPostprocessing = 0;
		};
		DEFD3A3328A4EF1A00ACC343 /* Sources */ = {
			isa = PBXSourcesBuildPhase;
			buildActionMask = 2147483647;
			files = (
				DEFD3A3C28A4EF1A00ACC343 /* Kumparan_RecruitmentTests.swift in Sources */,
			);
			runOnlyForDeploymentPostprocessing = 0;
		};
		DEFD3A3D28A4EF1A00ACC343 /* Sources */ = {
			isa = PBXSourcesBuildPhase;
			buildActionMask = 2147483647;
			files = (
				DEFD3A4828A4EF1A00ACC343 /* Kumparan_RecruitmentUITestsLaunchTests.swift in Sources */,
				DEFD3A4628A4EF1A00ACC343 /* Kumparan_RecruitmentUITests.swift in Sources */,
			);
			runOnlyForDeploymentPostprocessing = 0;
		};
/* End PBXSourcesBuildPhase section */

/* Begin PBXTargetDependency section */
		DEFD3A3928A4EF1A00ACC343 /* PBXTargetDependency */ = {
			isa = PBXTargetDependency;
			target = DEFD3A2128A4EF1700ACC343 /* Kumparan Recruitment */;
			targetProxy = DEFD3A3828A4EF1A00ACC343 /* PBXContainerItemProxy */;
		};
		DEFD3A4328A4EF1A00ACC343 /* PBXTargetDependency */ = {
			isa = PBXTargetDependency;
			target = DEFD3A2128A4EF1700ACC343 /* Kumparan Recruitment */;
			targetProxy = DEFD3A4228A4EF1A00ACC343 /* PBXContainerItemProxy */;
		};
/* End PBXTargetDependency section */

/* Begin XCBuildConfiguration section */
		DEFD3A4928A4EF1A00ACC343 /* Debug */ = {
			isa = XCBuildConfiguration;
			buildSettings = {
				ALWAYS_SEARCH_USER_PATHS = NO;
				CLANG_ANALYZER_NONNULL = YES;
				CLANG_ANALYZER_NUMBER_OBJECT_CONVERSION = YES_AGGRESSIVE;
				CLANG_CXX_LANGUAGE_STANDARD = "gnu++17";
				CLANG_ENABLE_MODULES = YES;
				CLANG_ENABLE_OBJC_ARC = YES;
				CLANG_ENABLE_OBJC_WEAK = YES;
				CLANG_WARN_BLOCK_CAPTURE_AUTORELEASING = YES;
				CLANG_WARN_BOOL_CONVERSION = YES;
				CLANG_WARN_COMMA = YES;
				CLANG_WARN_CONSTANT_CONVERSION = YES;
				CLANG_WARN_DEPRECATED_OBJC_IMPLEMENTATIONS = YES;
				CLANG_WARN_DIRECT_OBJC_ISA_USAGE = YES_ERROR;
				CLANG_WARN_DOCUMENTATION_COMMENTS = YES;
				CLANG_WARN_EMPTY_BODY = YES;
				CLANG_WARN_ENUM_CONVERSION = YES;
				CLANG_WARN_INFINITE_RECURSION = YES;
				CLANG_WARN_INT_CONVERSION = YES;
				CLANG_WARN_NON_LITERAL_NULL_CONVERSION = YES;
				CLANG_WARN_OBJC_IMPLICIT_RETAIN_SELF = YES;
				CLANG_WARN_OBJC_LITERAL_CONVERSION = YES;
				CLANG_WARN_OBJC_ROOT_CLASS = YES_ERROR;
				CLANG_WARN_QUOTED_INCLUDE_IN_FRAMEWORK_HEADER = YES;
				CLANG_WARN_RANGE_LOOP_ANALYSIS = YES;
				CLANG_WARN_STRICT_PROTOTYPES = YES;
				CLANG_WARN_SUSPICIOUS_MOVE = YES;
				CLANG_WARN_UNGUARDED_AVAILABILITY = YES_AGGRESSIVE;
				CLANG_WARN_UNREACHABLE_CODE = YES;
				CLANG_WARN__DUPLICATE_METHOD_MATCH = YES;
				COPY_PHASE_STRIP = NO;
				DEBUG_INFORMATION_FORMAT = dwarf;
				ENABLE_STRICT_OBJC_MSGSEND = YES;
				ENABLE_TESTABILITY = YES;
				GCC_C_LANGUAGE_STANDARD = gnu11;
				GCC_DYNAMIC_NO_PIC = NO;
				GCC_NO_COMMON_BLOCKS = YES;
				GCC_OPTIMIZATION_LEVEL = 0;
				GCC_PREPROCESSOR_DEFINITIONS = (
					"DEBUG=1",
					"$(inherited)",
				);
				GCC_WARN_64_TO_32_BIT_CONVERSION = YES;
				GCC_WARN_ABOUT_RETURN_TYPE = YES_ERROR;
				GCC_WARN_UNDECLARED_SELECTOR = YES;
				GCC_WARN_UNINITIALIZED_AUTOS = YES_AGGRESSIVE;
				GCC_WARN_UNUSED_FUNCTION = YES;
				GCC_WARN_UNUSED_VARIABLE = YES;
				IPHONEOS_DEPLOYMENT_TARGET = 15.5;
				MTL_ENABLE_DEBUG_INFO = INCLUDE_SOURCE;
				MTL_FAST_MATH = YES;
				ONLY_ACTIVE_ARCH = YES;
				SDKROOT = iphoneos;
				SWIFT_ACTIVE_COMPILATION_CONDITIONS = DEBUG;
				SWIFT_OPTIMIZATION_LEVEL = "-Onone";
			};
			name = Debug;
		};
		DEFD3A4A28A4EF1A00ACC343 /* Release */ = {
			isa = XCBuildConfiguration;
			buildSettings = {
				ALWAYS_SEARCH_USER_PATHS = NO;
				CLANG_ANALYZER_NONNULL = YES;
				CLANG_ANALYZER_NUMBER_OBJECT_CONVERSION = YES_AGGRESSIVE;
				CLANG_CXX_LANGUAGE_STANDARD = "gnu++17";
				CLANG_ENABLE_MODULES = YES;
				CLANG_ENABLE_OBJC_ARC = YES;
				CLANG_ENABLE_OBJC_WEAK = YES;
				CLANG_WARN_BLOCK_CAPTURE_AUTORELEASING = YES;
				CLANG_WARN_BOOL_CONVERSION = YES;
				CLANG_WARN_COMMA = YES;
				CLANG_WARN_CONSTANT_CONVERSION = YES;
				CLANG_WARN_DEPRECATED_OBJC_IMPLEMENTATIONS = YES;
				CLANG_WARN_DIRECT_OBJC_ISA_USAGE = YES_ERROR;
				CLANG_WARN_DOCUMENTATION_COMMENTS = YES;
				CLANG_WARN_EMPTY_BODY = YES;
				CLANG_WARN_ENUM_CONVERSION = YES;
				CLANG_WARN_INFINITE_RECURSION = YES;
				CLANG_WARN_INT_CONVERSION = YES;
				CLANG_WARN_NON_LITERAL_NULL_CONVERSION = YES;
				CLANG_WARN_OBJC_IMPLICIT_RETAIN_SELF = YES;
				CLANG_WARN_OBJC_LITERAL_CONVERSION = YES;
				CLANG_WARN_OBJC_ROOT_CLASS = YES_ERROR;
				CLANG_WARN_QUOTED_INCLUDE_IN_FRAMEWORK_HEADER = YES;
				CLANG_WARN_RANGE_LOOP_ANALYSIS = YES;
				CLANG_WARN_STRICT_PROTOTYPES = YES;
				CLANG_WARN_SUSPICIOUS_MOVE = YES;
				CLANG_WARN_UNGUARDED_AVAILABILITY = YES_AGGRESSIVE;
				CLANG_WARN_UNREACHABLE_CODE = YES;
				CLANG_WARN__DUPLICATE_METHOD_MATCH = YES;
				COPY_PHASE_STRIP = NO;
				DEBUG_INFORMATION_FORMAT = "dwarf-with-dsym";
				ENABLE_NS_ASSERTIONS = NO;
				ENABLE_STRICT_OBJC_MSGSEND = YES;
				GCC_C_LANGUAGE_STANDARD = gnu11;
				GCC_NO_COMMON_BLOCKS = YES;
				GCC_WARN_64_TO_32_BIT_CONVERSION = YES;
				GCC_WARN_ABOUT_RETURN_TYPE = YES_ERROR;
				GCC_WARN_UNDECLARED_SELECTOR = YES;
				GCC_WARN_UNINITIALIZED_AUTOS = YES_AGGRESSIVE;
				GCC_WARN_UNUSED_FUNCTION = YES;
				GCC_WARN_UNUSED_VARIABLE = YES;
				IPHONEOS_DEPLOYMENT_TARGET = 15.5;
				MTL_ENABLE_DEBUG_INFO = NO;
				MTL_FAST_MATH = YES;
				SDKROOT = iphoneos;
				SWIFT_COMPILATION_MODE = wholemodule;
				SWIFT_OPTIMIZATION_LEVEL = "-O";
				VALIDATE_PRODUCT = YES;
			};
			name = Release;
		};
		DEFD3A4C28A4EF1A00ACC343 /* Debug */ = {
			isa = XCBuildConfiguration;
			buildSettings = {
				ASSETCATALOG_COMPILER_APPICON_NAME = AppIcon;
				ASSETCATALOG_COMPILER_GLOBAL_ACCENT_COLOR_NAME = AccentColor;
				CODE_SIGN_STYLE = Automatic;
				CURRENT_PROJECT_VERSION = 1;
				DEVELOPMENT_ASSET_PATHS = "\"Kumparan Recruitment/Preview Content\"";
				DEVELOPMENT_TEAM = XYCHZK7XK5;
				ENABLE_PREVIEWS = YES;
				GENERATE_INFOPLIST_FILE = YES;
				INFOPLIST_KEY_UIApplicationSceneManifest_Generation = YES;
				INFOPLIST_KEY_UIApplicationSupportsIndirectInputEvents = YES;
				INFOPLIST_KEY_UILaunchScreen_Generation = YES;
				INFOPLIST_KEY_UISupportedInterfaceOrientations_iPad = "UIInterfaceOrientationPortrait UIInterfaceOrientationPortraitUpsideDown UIInterfaceOrientationLandscapeLeft UIInterfaceOrientationLandscapeRight";
				INFOPLIST_KEY_UISupportedInterfaceOrientations_iPhone = "UIInterfaceOrientationPortrait UIInterfaceOrientationLandscapeLeft UIInterfaceOrientationLandscapeRight";
				LD_RUNPATH_SEARCH_PATHS = (
					"$(inherited)",
					"@executable_path/Frameworks",
				);
				MARKETING_VERSION = 1.0;
				PRODUCT_BUNDLE_IDENTIFIER = "com.JAW.Kumparan-Recruitment";
				PRODUCT_NAME = "$(TARGET_NAME)";
				SWIFT_EMIT_LOC_STRINGS = YES;
				SWIFT_VERSION = 5.0;
				TARGETED_DEVICE_FAMILY = "1,2";
			};
			name = Debug;
		};
		DEFD3A4D28A4EF1A00ACC343 /* Release */ = {
			isa = XCBuildConfiguration;
			buildSettings = {
				ASSETCATALOG_COMPILER_APPICON_NAME = AppIcon;
				ASSETCATALOG_COMPILER_GLOBAL_ACCENT_COLOR_NAME = AccentColor;
				CODE_SIGN_STYLE = Automatic;
				CURRENT_PROJECT_VERSION = 1;
				DEVELOPMENT_ASSET_PATHS = "\"Kumparan Recruitment/Preview Content\"";
				DEVELOPMENT_TEAM = XYCHZK7XK5;
				ENABLE_PREVIEWS = YES;
				GENERATE_INFOPLIST_FILE = YES;
				INFOPLIST_KEY_UIApplicationSceneManifest_Generation = YES;
				INFOPLIST_KEY_UIApplicationSupportsIndirectInputEvents = YES;
				INFOPLIST_KEY_UILaunchScreen_Generation = YES;
				INFOPLIST_KEY_UISupportedInterfaceOrientations_iPad = "UIInterfaceOrientationPortrait UIInterfaceOrientationPortraitUpsideDown UIInterfaceOrientationLandscapeLeft UIInterfaceOrientationLandscapeRight";
				INFOPLIST_KEY_UISupportedInterfaceOrientations_iPhone = "UIInterfaceOrientationPortrait UIInterfaceOrientationLandscapeLeft UIInterfaceOrientationLandscapeRight";
				LD_RUNPATH_SEARCH_PATHS = (
					"$(inherited)",
					"@executable_path/Frameworks",
				);
				MARKETING_VERSION = 1.0;
				PRODUCT_BUNDLE_IDENTIFIER = "com.JAW.Kumparan-Recruitment";
				PRODUCT_NAME = "$(TARGET_NAME)";
				SWIFT_EMIT_LOC_STRINGS = YES;
				SWIFT_VERSION = 5.0;
				TARGETED_DEVICE_FAMILY = "1,2";
			};
			name = Release;
		};
		DEFD3A4F28A4EF1A00ACC343 /* Debug */ = {
			isa = XCBuildConfiguration;
			buildSettings = {
				ALWAYS_EMBED_SWIFT_STANDARD_LIBRARIES = YES;
				BUNDLE_LOADER = "$(TEST_HOST)";
				CODE_SIGN_STYLE = Automatic;
				CURRENT_PROJECT_VERSION = 1;
				DEVELOPMENT_TEAM = XYCHZK7XK5;
				GENERATE_INFOPLIST_FILE = YES;
				IPHONEOS_DEPLOYMENT_TARGET = 15.5;
				MARKETING_VERSION = 1.0;
				PRODUCT_BUNDLE_IDENTIFIER = "com.JAW.Kumparan-RecruitmentTests";
				PRODUCT_NAME = "$(TARGET_NAME)";
				SWIFT_EMIT_LOC_STRINGS = NO;
				SWIFT_VERSION = 5.0;
				TARGETED_DEVICE_FAMILY = "1,2";
				TEST_HOST = "$(BUILT_PRODUCTS_DIR)/Kumparan Recruitment.app/Kumparan Recruitment";
			};
			name = Debug;
		};
		DEFD3A5028A4EF1A00ACC343 /* Release */ = {
			isa = XCBuildConfiguration;
			buildSettings = {
				ALWAYS_EMBED_SWIFT_STANDARD_LIBRARIES = YES;
				BUNDLE_LOADER = "$(TEST_HOST)";
				CODE_SIGN_STYLE = Automatic;
				CURRENT_PROJECT_VERSION = 1;
				DEVELOPMENT_TEAM = XYCHZK7XK5;
				GENERATE_INFOPLIST_FILE = YES;
				IPHONEOS_DEPLOYMENT_TARGET = 15.5;
				MARKETING_VERSION = 1.0;
				PRODUCT_BUNDLE_IDENTIFIER = "com.JAW.Kumparan-RecruitmentTests";
				PRODUCT_NAME = "$(TARGET_NAME)";
				SWIFT_EMIT_LOC_STRINGS = NO;
				SWIFT_VERSION = 5.0;
				TARGETED_DEVICE_FAMILY = "1,2";
				TEST_HOST = "$(BUILT_PRODUCTS_DIR)/Kumparan Recruitment.app/Kumparan Recruitment";
			};
			name = Release;
		};
		DEFD3A5228A4EF1A00ACC343 /* Debug */ = {
			isa = XCBuildConfiguration;
			buildSettings = {
				ALWAYS_EMBED_SWIFT_STANDARD_LIBRARIES = YES;
				CODE_SIGN_STYLE = Automatic;
				CURRENT_PROJECT_VERSION = 1;
				DEVELOPMENT_TEAM = XYCHZK7XK5;
				GENERATE_INFOPLIST_FILE = YES;
				MARKETING_VERSION = 1.0;
				PRODUCT_BUNDLE_IDENTIFIER = "com.JAW.Kumparan-RecruitmentUITests";
				PRODUCT_NAME = "$(TARGET_NAME)";
				SWIFT_EMIT_LOC_STRINGS = NO;
				SWIFT_VERSION = 5.0;
				TARGETED_DEVICE_FAMILY = "1,2";
				TEST_TARGET_NAME = "Kumparan Recruitment";
			};
			name = Debug;
		};
		DEFD3A5328A4EF1A00ACC343 /* Release */ = {
			isa = XCBuildConfiguration;
			buildSettings = {
				ALWAYS_EMBED_SWIFT_STANDARD_LIBRARIES = YES;
				CODE_SIGN_STYLE = Automatic;
				CURRENT_PROJECT_VERSION = 1;
				DEVELOPMENT_TEAM = XYCHZK7XK5;
				GENERATE_INFOPLIST_FILE = YES;
				MARKETING_VERSION = 1.0;
				PRODUCT_BUNDLE_IDENTIFIER = "com.JAW.Kumparan-RecruitmentUITests";
				PRODUCT_NAME = "$(TARGET_NAME)";
				SWIFT_EMIT_LOC_STRINGS = NO;
				SWIFT_VERSION = 5.0;
				TARGETED_DEVICE_FAMILY = "1,2";
				TEST_TARGET_NAME = "Kumparan Recruitment";
			};
			name = Release;
		};
/* End XCBuildConfiguration section */

/* Begin XCConfigurationList section */
		DEFD3A1D28A4EF1700ACC343 /* Build configuration list for PBXProject "Kumparan Recruitment" */ = {
			isa = XCConfigurationList;
			buildConfigurations = (
				DEFD3A4928A4EF1A00ACC343 /* Debug */,
				DEFD3A4A28A4EF1A00ACC343 /* Release */,
			);
			defaultConfigurationIsVisible = 0;
			defaultConfigurationName = Release;
		};
		DEFD3A4B28A4EF1A00ACC343 /* Build configuration list for PBXNativeTarget "Kumparan Recruitment" */ = {
			isa = XCConfigurationList;
			buildConfigurations = (
				DEFD3A4C28A4EF1A00ACC343 /* Debug */,
				DEFD3A4D28A4EF1A00ACC343 /* Release */,
			);
			defaultConfigurationIsVisible = 0;
			defaultConfigurationName = Release;
		};
		DEFD3A4E28A4EF1A00ACC343 /* Build configuration list for PBXNativeTarget "Kumparan RecruitmentTests" */ = {
			isa = XCConfigurationList;
			buildConfigurations = (
				DEFD3A4F28A4EF1A00ACC343 /* Debug */,
				DEFD3A5028A4EF1A00ACC343 /* Release */,
			);
			defaultConfigurationIsVisible = 0;
			defaultConfigurationName = Release;
		};
		DEFD3A5128A4EF1A00ACC343 /* Build configuration list for PBXNativeTarget "Kumparan RecruitmentUITests" */ = {
			isa = XCConfigurationList;
			buildConfigurations = (
				DEFD3A5228A4EF1A00ACC343 /* Debug */,
				DEFD3A5328A4EF1A00ACC343 /* Release */,
			);
			defaultConfigurationIsVisible = 0;
			defaultConfigurationName = Release;
		};
/* End XCConfigurationList section */

/* Begin XCVersionGroup section */
		DEFD3A3028A4EF1A00ACC343 /* Kumparan_Recruitment.xcdatamodeld */ = {
			isa = XCVersionGroup;
			children = (
				DEFD3A3128A4EF1A00ACC343 /* Kumparan_Recruitment.xcdatamodel */,
			);
			currentVersion = DEFD3A3128A4EF1A00ACC343 /* Kumparan_Recruitment.xcdatamodel */;
			path = Kumparan_Recruitment.xcdatamodeld;
			sourceTree = "<group>";
			versionGroupType = wrapper.xcdatamodel;
		};
/* End XCVersionGroup section */
	};
	rootObject = DEFD3A1A28A4EF1700ACC343 /* Project object */;
}
